// !$*UTF8*$!
{
	archiveVersion = 1;
	classes = {
	};
	objectVersion = 56;
	objects = {

/* Begin PBXBuildFile section */
		0E29FA302994E9C60011EF16 /* main.swift in Sources */ = {isa = PBXBuildFile; fileRef = 0E29FA2F2994E9C60011EF16 /* main.swift */; };
/* End PBXBuildFile section */

/* Begin PBXCopyFilesBuildPhase section */
		0E29FA2A2994E9C60011EF16 /* CopyFiles */ = {
			isa = PBXCopyFilesBuildPhase;
			buildActionMask = 2147483647;
			dstPath = /usr/share/man/man1/;
			dstSubfolderSpec = 0;
			files = (
			);
			runOnlyForDeploymentPostprocessing = 1;
		};
/* End PBXCopyFilesBuildPhase section */

/* Begin PBXFileReference section */
		0E0727C329ADAF0C0089BBE1 /* lev1_숫자짝꿍.swift */ = {isa = PBXFileReference; lastKnownFileType = sourcecode.swift; path = "lev1_숫자짝꿍.swift"; sourceTree = "<group>"; };
		0E0727C529B1B37A0089BBE1 /* lev1_바탕화면정리.swift */ = {isa = PBXFileReference; lastKnownFileType = sourcecode.swift; path = "lev1_바탕화면정리.swift"; sourceTree = "<group>"; };
		0E13552E29968DEF00B745E9 /* lev2_둘만의암호.swift */ = {isa = PBXFileReference; lastKnownFileType = sourcecode.swift; path = "lev2_둘만의암호.swift"; sourceTree = "<group>"; };
		0E135530299B80E100B745E9 /* lev2_뒤에있는큰수찾기.swift */ = {isa = PBXFileReference; lastKnownFileType = sourcecode.swift; path = "lev2_뒤에있는큰수찾기.swift"; sourceTree = "<group>"; };
		0E135532299D109200B745E9 /* lev1_크기가작은부분문자열.swift */ = {isa = PBXFileReference; lastKnownFileType = sourcecode.swift; path = "lev1_크기가작은부분문자열.swift"; sourceTree = "<group>"; };
		0E135570299E5B5200B745E9 /* lev1_카드뭉치.swift */ = {isa = PBXFileReference; lastKnownFileType = sourcecode.swift; path = "lev1_카드뭉치.swift"; sourceTree = "<group>"; };
		0E135572299FAC7300B745E9 /* lev2_숫자변환하기.swift */ = {isa = PBXFileReference; lastKnownFileType = sourcecode.swift; path = "lev2_숫자변환하기.swift"; sourceTree = "<group>"; };
		0E29FA2C2994E9C60011EF16 /* Programmers */ = {isa = PBXFileReference; explicitFileType = "compiled.mach-o.executable"; includeInIndex = 0; path = Programmers; sourceTree = BUILT_PRODUCTS_DIR; };
		0E29FA2F2994E9C60011EF16 /* main.swift */ = {isa = PBXFileReference; lastKnownFileType = sourcecode.swift; path = main.swift; sourceTree = "<group>"; };
		0E29FA362994E9DB0011EF16 /* lev2_무인도여행.swift */ = {isa = PBXFileReference; lastKnownFileType = sourcecode.swift; path = "lev2_무인도여행.swift"; sourceTree = "<group>"; };
		0E6751F929B4809F00C83604 /* lev3_연속펄스부분수열의합.swift */ = {isa = PBXFileReference; lastKnownFileType = sourcecode.swift; path = "lev3_연속펄스부분수열의합.swift"; sourceTree = "<group>"; };
		0E9E361329B35EFD007B9307 /* lev2_덧칠하기.swift */ = {isa = PBXFileReference; lastKnownFileType = sourcecode.swift; path = "lev2_덧칠하기.swift"; sourceTree = "<group>"; };
		0E9FAABF29AB671D0079A4D6 /* lev1_콜라문제.swift */ = {isa = PBXFileReference; lastKnownFileType = sourcecode.swift; path = "lev1_콜라문제.swift"; sourceTree = "<group>"; };
		0E9FAAC129ACA6990079A4D6 /* lev1_삼총사.swift */ = {isa = PBXFileReference; lastKnownFileType = sourcecode.swift; path = "lev1_삼총사.swift"; sourceTree = "<group>"; };
		0EF2DD6D29AA2ABE00A6F569 /* lev1_대충만든자판.swift */ = {isa = PBXFileReference; lastKnownFileType = sourcecode.swift; path = "lev1_대충만든자판.swift"; sourceTree = "<group>"; };
/* End PBXFileReference section */

/* Begin PBXFrameworksBuildPhase section */
		0E29FA292994E9C60011EF16 /* Frameworks */ = {
			isa = PBXFrameworksBuildPhase;
			buildActionMask = 2147483647;
			files = (
			);
			runOnlyForDeploymentPostprocessing = 0;
		};
/* End PBXFrameworksBuildPhase section */

/* Begin PBXGroup section */
		0E29FA232994E9C60011EF16 = {
			isa = PBXGroup;
			children = (
				0E29FA2E2994E9C60011EF16 /* Programmers */,
				0E29FA2D2994E9C60011EF16 /* Products */,
			);
			sourceTree = "<group>";
		};
		0E29FA2D2994E9C60011EF16 /* Products */ = {
			isa = PBXGroup;
			children = (
				0E29FA2C2994E9C60011EF16 /* Programmers */,
			);
			name = Products;
			sourceTree = "<group>";
		};
		0E29FA2E2994E9C60011EF16 /* Programmers */ = {
			isa = PBXGroup;
			children = (
				0E29FA2F2994E9C60011EF16 /* main.swift */,
				0E135532299D109200B745E9 /* lev1_크기가작은부분문자열.swift */,
				0E135570299E5B5200B745E9 /* lev1_카드뭉치.swift */,
				0EF2DD6D29AA2ABE00A6F569 /* lev1_대충만든자판.swift */,
				0E9FAABF29AB671D0079A4D6 /* lev1_콜라문제.swift */,
				0E9FAAC129ACA6990079A4D6 /* lev1_삼총사.swift */,
				0E0727C329ADAF0C0089BBE1 /* lev1_숫자짝꿍.swift */,
				0E0727C529B1B37A0089BBE1 /* lev1_바탕화면정리.swift */,
				0E9E361329B35EFD007B9307 /* lev2_덧칠하기.swift */,
				0E135530299B80E100B745E9 /* lev2_뒤에있는큰수찾기.swift */,
				0E29FA362994E9DB0011EF16 /* lev2_무인도여행.swift */,
				0E135572299FAC7300B745E9 /* lev2_숫자변환하기.swift */,
				0E13552E29968DEF00B745E9 /* lev2_둘만의암호.swift */,
				0E6751F929B4809F00C83604 /* lev3_연속펄스부분수열의합.swift */,
			);
			path = Programmers;
			sourceTree = "<group>";
		};
/* End PBXGroup section */

/* Begin PBXNativeTarget section */
		0E29FA2B2994E9C60011EF16 /* Programmers */ = {
			isa = PBXNativeTarget;
			buildConfigurationList = 0E29FA332994E9C60011EF16 /* Build configuration list for PBXNativeTarget "Programmers" */;
			buildPhases = (
				0E29FA282994E9C60011EF16 /* Sources */,
				0E29FA292994E9C60011EF16 /* Frameworks */,
				0E29FA2A2994E9C60011EF16 /* CopyFiles */,
			);
			buildRules = (
			);
			dependencies = (
			);
			name = Programmers;
			productName = Programmers;
			productReference = 0E29FA2C2994E9C60011EF16 /* Programmers */;
			productType = "com.apple.product-type.tool";
		};
/* End PBXNativeTarget section */

/* Begin PBXProject section */
		0E29FA242994E9C60011EF16 /* Project object */ = {
			isa = PBXProject;
			attributes = {
				BuildIndependentTargetsInParallel = 1;
				LastSwiftUpdateCheck = 1400;
				LastUpgradeCheck = 1400;
				TargetAttributes = {
					0E29FA2B2994E9C60011EF16 = {
						CreatedOnToolsVersion = 14.0;
					};
				};
			};
			buildConfigurationList = 0E29FA272994E9C60011EF16 /* Build configuration list for PBXProject "Programmers" */;
			compatibilityVersion = "Xcode 14.0";
			developmentRegion = en;
			hasScannedForEncodings = 0;
			knownRegions = (
				en,
				Base,
			);
			mainGroup = 0E29FA232994E9C60011EF16;
			productRefGroup = 0E29FA2D2994E9C60011EF16 /* Products */;
			projectDirPath = "";
			projectRoot = "";
			targets = (
				0E29FA2B2994E9C60011EF16 /* Programmers */,
			);
		};
/* End PBXProject section */

/* Begin PBXSourcesBuildPhase section */
		0E29FA282994E9C60011EF16 /* Sources */ = {
			isa = PBXSourcesBuildPhase;
			buildActionMask = 2147483647;
			files = (
				0E29FA302994E9C60011EF16 /* main.swift in Sources */,
			);
			runOnlyForDeploymentPostprocessing = 0;
		};
/* End PBXSourcesBuildPhase section */

/* Begin XCBuildConfiguration section */
		0E29FA312994E9C60011EF16 /* Debug */ = {
			isa = XCBuildConfiguration;
			buildSettings = {
				ALWAYS_SEARCH_USER_PATHS = NO;
				CLANG_ANALYZER_NONNULL = YES;
				CLANG_ANALYZER_NUMBER_OBJECT_CONVERSION = YES_AGGRESSIVE;
				CLANG_CXX_LANGUAGE_STANDARD = "gnu++20";
				CLANG_ENABLE_MODULES = YES;
				CLANG_ENABLE_OBJC_ARC = YES;
				CLANG_ENABLE_OBJC_WEAK = YES;
				CLANG_WARN_BLOCK_CAPTURE_AUTORELEASING = YES;
				CLANG_WARN_BOOL_CONVERSION = YES;
				CLANG_WARN_COMMA = YES;
				CLANG_WARN_CONSTANT_CONVERSION = YES;
				CLANG_WARN_DEPRECATED_OBJC_IMPLEMENTATIONS = YES;
				CLANG_WARN_DIRECT_OBJC_ISA_USAGE = YES_ERROR;
				CLANG_WARN_DOCUMENTATION_COMMENTS = YES;
				CLANG_WARN_EMPTY_BODY = YES;
				CLANG_WARN_ENUM_CONVERSION = YES;
				CLANG_WARN_INFINITE_RECURSION = YES;
				CLANG_WARN_INT_CONVERSION = YES;
				CLANG_WARN_NON_LITERAL_NULL_CONVERSION = YES;
				CLANG_WARN_OBJC_IMPLICIT_RETAIN_SELF = YES;
				CLANG_WARN_OBJC_LITERAL_CONVERSION = YES;
				CLANG_WARN_OBJC_ROOT_CLASS = YES_ERROR;
				CLANG_WARN_QUOTED_INCLUDE_IN_FRAMEWORK_HEADER = YES;
				CLANG_WARN_RANGE_LOOP_ANALYSIS = YES;
				CLANG_WARN_STRICT_PROTOTYPES = YES;
				CLANG_WARN_SUSPICIOUS_MOVE = YES;
				CLANG_WARN_UNGUARDED_AVAILABILITY = YES_AGGRESSIVE;
				CLANG_WARN_UNREACHABLE_CODE = YES;
				CLANG_WARN__DUPLICATE_METHOD_MATCH = YES;
				COPY_PHASE_STRIP = NO;
				DEBUG_INFORMATION_FORMAT = dwarf;
				ENABLE_STRICT_OBJC_MSGSEND = YES;
				ENABLE_TESTABILITY = YES;
				GCC_C_LANGUAGE_STANDARD = gnu11;
				GCC_DYNAMIC_NO_PIC = NO;
				GCC_NO_COMMON_BLOCKS = YES;
				GCC_OPTIMIZATION_LEVEL = 0;
				GCC_PREPROCESSOR_DEFINITIONS = (
					"DEBUG=1",
					"$(inherited)",
				);
				GCC_WARN_64_TO_32_BIT_CONVERSION = YES;
				GCC_WARN_ABOUT_RETURN_TYPE = YES_ERROR;
				GCC_WARN_UNDECLARED_SELECTOR = YES;
				GCC_WARN_UNINITIALIZED_AUTOS = YES_AGGRESSIVE;
				GCC_WARN_UNUSED_FUNCTION = YES;
				GCC_WARN_UNUSED_VARIABLE = YES;
				MACOSX_DEPLOYMENT_TARGET = 12.3;
				MTL_ENABLE_DEBUG_INFO = INCLUDE_SOURCE;
				MTL_FAST_MATH = YES;
				ONLY_ACTIVE_ARCH = YES;
				SDKROOT = macosx;
				SWIFT_ACTIVE_COMPILATION_CONDITIONS = DEBUG;
				SWIFT_OPTIMIZATION_LEVEL = "-Onone";
			};
			name = Debug;
		};
		0E29FA322994E9C60011EF16 /* Release */ = {
			isa = XCBuildConfiguration;
			buildSettings = {
				ALWAYS_SEARCH_USER_PATHS = NO;
				CLANG_ANALYZER_NONNULL = YES;
				CLANG_ANALYZER_NUMBER_OBJECT_CONVERSION = YES_AGGRESSIVE;
				CLANG_CXX_LANGUAGE_STANDARD = "gnu++20";
				CLANG_ENABLE_MODULES = YES;
				CLANG_ENABLE_OBJC_ARC = YES;
				CLANG_ENABLE_OBJC_WEAK = YES;
				CLANG_WARN_BLOCK_CAPTURE_AUTORELEASING = YES;
				CLANG_WARN_BOOL_CONVERSION = YES;
				CLANG_WARN_COMMA = YES;
				CLANG_WARN_CONSTANT_CONVERSION = YES;
				CLANG_WARN_DEPRECATED_OBJC_IMPLEMENTATIONS = YES;
				CLANG_WARN_DIRECT_OBJC_ISA_USAGE = YES_ERROR;
				CLANG_WARN_DOCUMENTATION_COMMENTS = YES;
				CLANG_WARN_EMPTY_BODY = YES;
				CLANG_WARN_ENUM_CONVERSION = YES;
				CLANG_WARN_INFINITE_RECURSION = YES;
				CLANG_WARN_INT_CONVERSION = YES;
				CLANG_WARN_NON_LITERAL_NULL_CONVERSION = YES;
				CLANG_WARN_OBJC_IMPLICIT_RETAIN_SELF = YES;
				CLANG_WARN_OBJC_LITERAL_CONVERSION = YES;
				CLANG_WARN_OBJC_ROOT_CLASS = YES_ERROR;
				CLANG_WARN_QUOTED_INCLUDE_IN_FRAMEWORK_HEADER = YES;
				CLANG_WARN_RANGE_LOOP_ANALYSIS = YES;
				CLANG_WARN_STRICT_PROTOTYPES = YES;
				CLANG_WARN_SUSPICIOUS_MOVE = YES;
				CLANG_WARN_UNGUARDED_AVAILABILITY = YES_AGGRESSIVE;
				CLANG_WARN_UNREACHABLE_CODE = YES;
				CLANG_WARN__DUPLICATE_METHOD_MATCH = YES;
				COPY_PHASE_STRIP = NO;
				DEBUG_INFORMATION_FORMAT = "dwarf-with-dsym";
				ENABLE_NS_ASSERTIONS = NO;
				ENABLE_STRICT_OBJC_MSGSEND = YES;
				GCC_C_LANGUAGE_STANDARD = gnu11;
				GCC_NO_COMMON_BLOCKS = YES;
				GCC_WARN_64_TO_32_BIT_CONVERSION = YES;
				GCC_WARN_ABOUT_RETURN_TYPE = YES_ERROR;
				GCC_WARN_UNDECLARED_SELECTOR = YES;
				GCC_WARN_UNINITIALIZED_AUTOS = YES_AGGRESSIVE;
				GCC_WARN_UNUSED_FUNCTION = YES;
				GCC_WARN_UNUSED_VARIABLE = YES;
				MACOSX_DEPLOYMENT_TARGET = 12.3;
				MTL_ENABLE_DEBUG_INFO = NO;
				MTL_FAST_MATH = YES;
				SDKROOT = macosx;
				SWIFT_COMPILATION_MODE = wholemodule;
				SWIFT_OPTIMIZATION_LEVEL = "-O";
			};
			name = Release;
		};
		0E29FA342994E9C60011EF16 /* Debug */ = {
			isa = XCBuildConfiguration;
			buildSettings = {
				CODE_SIGN_STYLE = Automatic;
				DEVELOPMENT_TEAM = BXU6534P3P;
				ENABLE_HARDENED_RUNTIME = YES;
				PRODUCT_NAME = "$(TARGET_NAME)";
				SWIFT_VERSION = 5.0;
			};
			name = Debug;
		};
		0E29FA352994E9C60011EF16 /* Release */ = {
			isa = XCBuildConfiguration;
			buildSettings = {
				CODE_SIGN_STYLE = Automatic;
				DEVELOPMENT_TEAM = BXU6534P3P;
				ENABLE_HARDENED_RUNTIME = YES;
				PRODUCT_NAME = "$(TARGET_NAME)";
				SWIFT_VERSION = 5.0;
			};
			name = Release;
		};
/* End XCBuildConfiguration section */

/* Begin XCConfigurationList section */
		0E29FA272994E9C60011EF16 /* Build configuration list for PBXProject "Programmers" */ = {
			isa = XCConfigurationList;
			buildConfigurations = (
				0E29FA312994E9C60011EF16 /* Debug */,
				0E29FA322994E9C60011EF16 /* Release */,
			);
			defaultConfigurationIsVisible = 0;
			defaultConfigurationName = Release;
		};
		0E29FA332994E9C60011EF16 /* Build configuration list for PBXNativeTarget "Programmers" */ = {
			isa = XCConfigurationList;
			buildConfigurations = (
				0E29FA342994E9C60011EF16 /* Debug */,
				0E29FA352994E9C60011EF16 /* Release */,
			);
			defaultConfigurationIsVisible = 0;
			defaultConfigurationName = Release;
		};
/* End XCConfigurationList section */
	};
	rootObject = 0E29FA242994E9C60011EF16 /* Project object */;
}
