// !$*UTF8*$!
{
	archiveVersion = 1;
	classes = {
	};
	objectVersion = 56;
	objects = {

/* Begin PBXBuildFile section */
		0E29FA172990EFA60011EF16 /* main.swift in Sources */ = {isa = PBXBuildFile; fileRef = 0E29FA162990EFA60011EF16 /* main.swift */; };
/* End PBXBuildFile section */

/* Begin PBXCopyFilesBuildPhase section */
		0E29FA112990EFA60011EF16 /* CopyFiles */ = {
			isa = PBXCopyFilesBuildPhase;
			buildActionMask = 2147483647;
			dstPath = /usr/share/man/man1/;
			dstSubfolderSpec = 0;
			files = (
			);
			runOnlyForDeploymentPostprocessing = 1;
		};
/* End PBXCopyFilesBuildPhase section */

/* Begin PBXFileReference section */
		0E1C6B1629C03BED003D682A /* 1764_듣보잡.swift */ = {isa = PBXFileReference; lastKnownFileType = sourcecode.swift; path = "1764_듣보잡.swift"; sourceTree = "<group>"; };
		0E1C6B1829C2BF91003D682A /* 1660_캡틴이다솜.swift */ = {isa = PBXFileReference; lastKnownFileType = sourcecode.swift; path = "1660_캡틴이다솜.swift"; sourceTree = "<group>"; };
		0E1C6B1A29C44EB3003D682A /* 1895_필터.swift */ = {isa = PBXFileReference; lastKnownFileType = sourcecode.swift; path = "1895_필터.swift"; sourceTree = "<group>"; };
		0E1C6B1C29C55FF1003D682A /* 1920_수찾기.swift */ = {isa = PBXFileReference; lastKnownFileType = sourcecode.swift; path = "1920_수찾기.swift"; sourceTree = "<group>"; };
		0E29FA132990EFA60011EF16 /* baekjoon */ = {isa = PBXFileReference; explicitFileType = "compiled.mach-o.executable"; includeInIndex = 0; path = baekjoon; sourceTree = BUILT_PRODUCTS_DIR; };
		0E29FA162990EFA60011EF16 /* main.swift */ = {isa = PBXFileReference; lastKnownFileType = sourcecode.swift; path = main.swift; sourceTree = "<group>"; };
		0E29FA1D2990EFD60011EF16 /* 16194_카드구매하기.swift */ = {isa = PBXFileReference; lastKnownFileType = sourcecode.swift; path = "16194_카드구매하기.swift"; sourceTree = "<group>"; };
		0E29FA1F299227900011EF16 /* 15489_파스칼삼각형.swift */ = {isa = PBXFileReference; lastKnownFileType = sourcecode.swift; path = "15489_파스칼삼각형.swift"; sourceTree = "<group>"; };
		0E29FA212993866B0011EF16 /* 9375_패션왕신해빈.swift */ = {isa = PBXFileReference; lastKnownFileType = sourcecode.swift; path = "9375_패션왕신해빈.swift"; sourceTree = "<group>"; };
		0E2B60D829C6C3B200F5D15F /* 1912_연속합.swift */ = {isa = PBXFileReference; lastKnownFileType = sourcecode.swift; path = "1912_연속합.swift"; sourceTree = "<group>"; };
		0E3579952A2F54190002E82E /* 1388_바닥장식.swift */ = {isa = PBXFileReference; lastKnownFileType = sourcecode.swift; path = "1388_바닥장식.swift"; sourceTree = "<group>"; };
		0E4251E72A1CECCD00EEA3EC /* 23827_수열.swift */ = {isa = PBXFileReference; lastKnownFileType = sourcecode.swift; path = "23827_수열.swift"; sourceTree = "<group>"; };
		0E4F5FE82A28C16C00262B84 /* 1049_기타줄.swift */ = {isa = PBXFileReference; lastKnownFileType = sourcecode.swift; path = "1049_기타줄.swift"; sourceTree = "<group>"; };
		0E660D542A1F9349004F4049 /* 25497_기술연계마스터임스.swift */ = {isa = PBXFileReference; lastKnownFileType = sourcecode.swift; path = "25497_기술연계마스터임스.swift"; sourceTree = "<group>"; };
		0E6B35DE29F02CE200DAC362 /* 1110_하얀칸.swift */ = {isa = PBXFileReference; lastKnownFileType = sourcecode.swift; path = "1110_하얀칸.swift"; sourceTree = "<group>"; };
		0E8FB91D2A34153500E0A82D /* 2776_암기왕.swift */ = {isa = PBXFileReference; lastKnownFileType = sourcecode.swift; path = "2776_암기왕.swift"; sourceTree = "<group>"; };
		0E8FB91F2A341B8100E0A82D /* 2485_가로수.swift */ = {isa = PBXFileReference; lastKnownFileType = sourcecode.swift; path = "2485_가로수.swift"; sourceTree = "<group>"; };
		0E93A3142A1B8FB200FFCABB /* 10867_중복빼고정렬하기.swift */ = {isa = PBXFileReference; lastKnownFileType = sourcecode.swift; path = "10867_중복빼고정렬하기.swift"; sourceTree = "<group>"; };
		0E9AB8472A345B5A0022F9FF /* 1544_사이클단어.swift */ = {isa = PBXFileReference; lastKnownFileType = sourcecode.swift; path = "1544_사이클단어.swift"; sourceTree = "<group>"; };
		0EE6B8A32A1A2BBF007F9AF8 /* 25644_최대상승.swift */ = {isa = PBXFileReference; lastKnownFileType = sourcecode.swift; path = "25644_최대상승.swift"; sourceTree = "<group>"; };
		0EE6D7D22A27783F002CA0CC /* 25706_자전거묘기.swift */ = {isa = PBXFileReference; lastKnownFileType = sourcecode.swift; path = "25706_자전거묘기.swift"; sourceTree = "<group>"; };
		0EEC48F72A2A268200536F19 /* 2740_행렬곱셈.swift */ = {isa = PBXFileReference; lastKnownFileType = sourcecode.swift; path = "2740_행렬곱셈.swift"; sourceTree = "<group>"; };
		0EFF0ED929BAF56700523D1A /* 1543_문서검색.swift */ = {isa = PBXFileReference; lastKnownFileType = sourcecode.swift; path = "1543_문서검색.swift"; sourceTree = "<group>"; };
/* End PBXFileReference section */

/* Begin PBXFrameworksBuildPhase section */
		0E29FA102990EFA60011EF16 /* Frameworks */ = {
			isa = PBXFrameworksBuildPhase;
			buildActionMask = 2147483647;
			files = (
			);
			runOnlyForDeploymentPostprocessing = 0;
		};
/* End PBXFrameworksBuildPhase section */

/* Begin PBXGroup section */
		0E29FA0A2990EFA60011EF16 = {
			isa = PBXGroup;
			children = (
				0E29FA152990EFA60011EF16 /* baekjoon */,
				0E29FA142990EFA60011EF16 /* Products */,
			);
			sourceTree = "<group>";
		};
		0E29FA142990EFA60011EF16 /* Products */ = {
			isa = PBXGroup;
			children = (
				0E29FA132990EFA60011EF16 /* baekjoon */,
			);
			name = Products;
			sourceTree = "<group>";
		};
		0E29FA152990EFA60011EF16 /* baekjoon */ = {
			isa = PBXGroup;
			children = (
				0E29FA162990EFA60011EF16 /* main.swift */,
				0E9AB8472A345B5A0022F9FF /* 1544_사이클단어.swift */,
				0E8FB91F2A341B8100E0A82D /* 2485_가로수.swift */,
				0E8FB91D2A34153500E0A82D /* 2776_암기왕.swift */,
				0E3579952A2F54190002E82E /* 1388_바닥장식.swift */,
				0EEC48F72A2A268200536F19 /* 2740_행렬곱셈.swift */,
				0E4F5FE82A28C16C00262B84 /* 1049_기타줄.swift */,
				0E660D542A1F9349004F4049 /* 25497_기술연계마스터임스.swift */,
				0EE6D7D22A27783F002CA0CC /* 25706_자전거묘기.swift */,
				0E4251E72A1CECCD00EEA3EC /* 23827_수열.swift */,
				0EE6B8A32A1A2BBF007F9AF8 /* 25644_최대상승.swift */,
				0E2B60D829C6C3B200F5D15F /* 1912_연속합.swift */,
				0E6B35DE29F02CE200DAC362 /* 1110_하얀칸.swift */,
				0E1C6B1C29C55FF1003D682A /* 1920_수찾기.swift */,
				0E1C6B1A29C44EB3003D682A /* 1895_필터.swift */,
				0E1C6B1629C03BED003D682A /* 1764_듣보잡.swift */,
				0EFF0ED929BAF56700523D1A /* 1543_문서검색.swift */,
				0E29FA212993866B0011EF16 /* 9375_패션왕신해빈.swift */,
				0E29FA1D2990EFD60011EF16 /* 16194_카드구매하기.swift */,
				0E29FA1F299227900011EF16 /* 15489_파스칼삼각형.swift */,
				0E1C6B1829C2BF91003D682A /* 1660_캡틴이다솜.swift */,
				0E93A3142A1B8FB200FFCABB /* 10867_중복빼고정렬하기.swift */,
			);
			path = baekjoon;
			sourceTree = "<group>";
		};
/* End PBXGroup section */

/* Begin PBXNativeTarget section */
		0E29FA122990EFA60011EF16 /* baekjoon */ = {
			isa = PBXNativeTarget;
			buildConfigurationList = 0E29FA1A2990EFA60011EF16 /* Build configuration list for PBXNativeTarget "baekjoon" */;
			buildPhases = (
				0E29FA0F2990EFA60011EF16 /* Sources */,
				0E29FA102990EFA60011EF16 /* Frameworks */,
				0E29FA112990EFA60011EF16 /* CopyFiles */,
			);
			buildRules = (
			);
			dependencies = (
			);
			name = baekjoon;
			productName = baekjoon;
			productReference = 0E29FA132990EFA60011EF16 /* baekjoon */;
			productType = "com.apple.product-type.tool";
		};
/* End PBXNativeTarget section */

/* Begin PBXProject section */
		0E29FA0B2990EFA60011EF16 /* Project object */ = {
			isa = PBXProject;
			attributes = {
				BuildIndependentTargetsInParallel = 1;
				LastSwiftUpdateCheck = 1400;
				LastUpgradeCheck = 1400;
				TargetAttributes = {
					0E29FA122990EFA60011EF16 = {
						CreatedOnToolsVersion = 14.0;
					};
				};
			};
			buildConfigurationList = 0E29FA0E2990EFA60011EF16 /* Build configuration list for PBXProject "baekjoon" */;
			compatibilityVersion = "Xcode 14.0";
			developmentRegion = en;
			hasScannedForEncodings = 0;
			knownRegions = (
				en,
				Base,
			);
			mainGroup = 0E29FA0A2990EFA60011EF16;
			productRefGroup = 0E29FA142990EFA60011EF16 /* Products */;
			projectDirPath = "";
			projectRoot = "";
			targets = (
				0E29FA122990EFA60011EF16 /* baekjoon */,
			);
		};
/* End PBXProject section */

/* Begin PBXSourcesBuildPhase section */
		0E29FA0F2990EFA60011EF16 /* Sources */ = {
			isa = PBXSourcesBuildPhase;
			buildActionMask = 2147483647;
			files = (
				0E29FA172990EFA60011EF16 /* main.swift in Sources */,
			);
			runOnlyForDeploymentPostprocessing = 0;
		};
/* End PBXSourcesBuildPhase section */

/* Begin XCBuildConfiguration section */
		0E29FA182990EFA60011EF16 /* Debug */ = {
			isa = XCBuildConfiguration;
			buildSettings = {
				ALWAYS_SEARCH_USER_PATHS = NO;
				CLANG_ANALYZER_NONNULL = YES;
				CLANG_ANALYZER_NUMBER_OBJECT_CONVERSION = YES_AGGRESSIVE;
				CLANG_CXX_LANGUAGE_STANDARD = "gnu++20";
				CLANG_ENABLE_MODULES = YES;
				CLANG_ENABLE_OBJC_ARC = YES;
				CLANG_ENABLE_OBJC_WEAK = YES;
				CLANG_WARN_BLOCK_CAPTURE_AUTORELEASING = YES;
				CLANG_WARN_BOOL_CONVERSION = YES;
				CLANG_WARN_COMMA = YES;
				CLANG_WARN_CONSTANT_CONVERSION = YES;
				CLANG_WARN_DEPRECATED_OBJC_IMPLEMENTATIONS = YES;
				CLANG_WARN_DIRECT_OBJC_ISA_USAGE = YES_ERROR;
				CLANG_WARN_DOCUMENTATION_COMMENTS = YES;
				CLANG_WARN_EMPTY_BODY = YES;
				CLANG_WARN_ENUM_CONVERSION = YES;
				CLANG_WARN_INFINITE_RECURSION = YES;
				CLANG_WARN_INT_CONVERSION = YES;
				CLANG_WARN_NON_LITERAL_NULL_CONVERSION = YES;
				CLANG_WARN_OBJC_IMPLICIT_RETAIN_SELF = YES;
				CLANG_WARN_OBJC_LITERAL_CONVERSION = YES;
				CLANG_WARN_OBJC_ROOT_CLASS = YES_ERROR;
				CLANG_WARN_QUOTED_INCLUDE_IN_FRAMEWORK_HEADER = YES;
				CLANG_WARN_RANGE_LOOP_ANALYSIS = YES;
				CLANG_WARN_STRICT_PROTOTYPES = YES;
				CLANG_WARN_SUSPICIOUS_MOVE = YES;
				CLANG_WARN_UNGUARDED_AVAILABILITY = YES_AGGRESSIVE;
				CLANG_WARN_UNREACHABLE_CODE = YES;
				CLANG_WARN__DUPLICATE_METHOD_MATCH = YES;
				COPY_PHASE_STRIP = NO;
				DEBUG_INFORMATION_FORMAT = dwarf;
				ENABLE_STRICT_OBJC_MSGSEND = YES;
				ENABLE_TESTABILITY = YES;
				GCC_C_LANGUAGE_STANDARD = gnu11;
				GCC_DYNAMIC_NO_PIC = NO;
				GCC_NO_COMMON_BLOCKS = YES;
				GCC_OPTIMIZATION_LEVEL = 0;
				GCC_PREPROCESSOR_DEFINITIONS = (
					"DEBUG=1",
					"$(inherited)",
				);
				GCC_WARN_64_TO_32_BIT_CONVERSION = YES;
				GCC_WARN_ABOUT_RETURN_TYPE = YES_ERROR;
				GCC_WARN_UNDECLARED_SELECTOR = YES;
				GCC_WARN_UNINITIALIZED_AUTOS = YES_AGGRESSIVE;
				GCC_WARN_UNUSED_FUNCTION = YES;
				GCC_WARN_UNUSED_VARIABLE = YES;
				MACOSX_DEPLOYMENT_TARGET = 12.3;
				MTL_ENABLE_DEBUG_INFO = INCLUDE_SOURCE;
				MTL_FAST_MATH = YES;
				ONLY_ACTIVE_ARCH = YES;
				SDKROOT = macosx;
				SWIFT_ACTIVE_COMPILATION_CONDITIONS = DEBUG;
				SWIFT_OPTIMIZATION_LEVEL = "-Onone";
			};
			name = Debug;
		};
		0E29FA192990EFA60011EF16 /* Release */ = {
			isa = XCBuildConfiguration;
			buildSettings = {
				ALWAYS_SEARCH_USER_PATHS = NO;
				CLANG_ANALYZER_NONNULL = YES;
				CLANG_ANALYZER_NUMBER_OBJECT_CONVERSION = YES_AGGRESSIVE;
				CLANG_CXX_LANGUAGE_STANDARD = "gnu++20";
				CLANG_ENABLE_MODULES = YES;
				CLANG_ENABLE_OBJC_ARC = YES;
				CLANG_ENABLE_OBJC_WEAK = YES;
				CLANG_WARN_BLOCK_CAPTURE_AUTORELEASING = YES;
				CLANG_WARN_BOOL_CONVERSION = YES;
				CLANG_WARN_COMMA = YES;
				CLANG_WARN_CONSTANT_CONVERSION = YES;
				CLANG_WARN_DEPRECATED_OBJC_IMPLEMENTATIONS = YES;
				CLANG_WARN_DIRECT_OBJC_ISA_USAGE = YES_ERROR;
				CLANG_WARN_DOCUMENTATION_COMMENTS = YES;
				CLANG_WARN_EMPTY_BODY = YES;
				CLANG_WARN_ENUM_CONVERSION = YES;
				CLANG_WARN_INFINITE_RECURSION = YES;
				CLANG_WARN_INT_CONVERSION = YES;
				CLANG_WARN_NON_LITERAL_NULL_CONVERSION = YES;
				CLANG_WARN_OBJC_IMPLICIT_RETAIN_SELF = YES;
				CLANG_WARN_OBJC_LITERAL_CONVERSION = YES;
				CLANG_WARN_OBJC_ROOT_CLASS = YES_ERROR;
				CLANG_WARN_QUOTED_INCLUDE_IN_FRAMEWORK_HEADER = YES;
				CLANG_WARN_RANGE_LOOP_ANALYSIS = YES;
				CLANG_WARN_STRICT_PROTOTYPES = YES;
				CLANG_WARN_SUSPICIOUS_MOVE = YES;
				CLANG_WARN_UNGUARDED_AVAILABILITY = YES_AGGRESSIVE;
				CLANG_WARN_UNREACHABLE_CODE = YES;
				CLANG_WARN__DUPLICATE_METHOD_MATCH = YES;
				COPY_PHASE_STRIP = NO;
				DEBUG_INFORMATION_FORMAT = "dwarf-with-dsym";
				ENABLE_NS_ASSERTIONS = NO;
				ENABLE_STRICT_OBJC_MSGSEND = YES;
				GCC_C_LANGUAGE_STANDARD = gnu11;
				GCC_NO_COMMON_BLOCKS = YES;
				GCC_WARN_64_TO_32_BIT_CONVERSION = YES;
				GCC_WARN_ABOUT_RETURN_TYPE = YES_ERROR;
				GCC_WARN_UNDECLARED_SELECTOR = YES;
				GCC_WARN_UNINITIALIZED_AUTOS = YES_AGGRESSIVE;
				GCC_WARN_UNUSED_FUNCTION = YES;
				GCC_WARN_UNUSED_VARIABLE = YES;
				MACOSX_DEPLOYMENT_TARGET = 12.3;
				MTL_ENABLE_DEBUG_INFO = NO;
				MTL_FAST_MATH = YES;
				SDKROOT = macosx;
				SWIFT_COMPILATION_MODE = wholemodule;
				SWIFT_OPTIMIZATION_LEVEL = "-O";
			};
			name = Release;
		};
		0E29FA1B2990EFA60011EF16 /* Debug */ = {
			isa = XCBuildConfiguration;
			buildSettings = {
				CODE_SIGN_STYLE = Automatic;
				DEVELOPMENT_TEAM = "";
				ENABLE_HARDENED_RUNTIME = YES;
				PRODUCT_NAME = "$(TARGET_NAME)";
				SWIFT_VERSION = 5.0;
			};
			name = Debug;
		};
		0E29FA1C2990EFA60011EF16 /* Release */ = {
			isa = XCBuildConfiguration;
			buildSettings = {
				CODE_SIGN_STYLE = Automatic;
				DEVELOPMENT_TEAM = "";
				ENABLE_HARDENED_RUNTIME = YES;
				PRODUCT_NAME = "$(TARGET_NAME)";
				SWIFT_VERSION = 5.0;
			};
			name = Release;
		};
/* End XCBuildConfiguration section */

/* Begin XCConfigurationList section */
		0E29FA0E2990EFA60011EF16 /* Build configuration list for PBXProject "baekjoon" */ = {
			isa = XCConfigurationList;
			buildConfigurations = (
				0E29FA182990EFA60011EF16 /* Debug */,
				0E29FA192990EFA60011EF16 /* Release */,
			);
			defaultConfigurationIsVisible = 0;
			defaultConfigurationName = Release;
		};
		0E29FA1A2990EFA60011EF16 /* Build configuration list for PBXNativeTarget "baekjoon" */ = {
			isa = XCConfigurationList;
			buildConfigurations = (
				0E29FA1B2990EFA60011EF16 /* Debug */,
				0E29FA1C2990EFA60011EF16 /* Release */,
			);
			defaultConfigurationIsVisible = 0;
			defaultConfigurationName = Release;
		};
/* End XCConfigurationList section */
	};
	rootObject = 0E29FA0B2990EFA60011EF16 /* Project object */;
}
